
Microsoft Visual Studio Solution File, Format Version 12.00
# Visual Studio 15
VisualStudioVersion = 15.0.34112.143
MinimumVisualStudioVersion = 10.0.40219.1
Project("{8BC9CEB8-8B4A-11D0-8D11-00A0C91BC942}") = "PowerPointDll_Test", "PowerPointDll_Test\PowerPointDll_Test.vcxproj", "{1912832A-B07D-4AF6-A8F5-73D172DC3905}"
EndProject
Project("{8BC9CEB8-8B4A-11D0-8D11-00A0C91BC942}") = "ClassLibrary1", "ClassLibrary1\ClassLibrary1.vcxproj", "{C20BD832-0AC1-4D7C-B185-94690219E719}"
EndProject
Global
	GlobalSection(SolutionConfigurationPlatforms) = preSolution
		Debug|x64 = Debug|x64
		Debug|x86 = Debug|x86
		Release|x64 = Release|x64
		Release|x86 = Release|x86
	EndGlobalSection
	GlobalSection(ProjectConfigurationPlatforms) = postSolution
		{1912832A-B07D-4AF6-A8F5-73D172DC3905}.Debug|x64.ActiveCfg = Debug|x64
		{1912832A-B07D-4AF6-A8F5-73D172DC3905}.Debug|x64.Build.0 = Debug|x64
		{1912832A-B07D-4AF6-A8F5-73D172DC3905}.Debug|x86.ActiveCfg = Debug|Win32
		{1912832A-B07D-4AF6-A8F5-73D172DC3905}.Debug|x86.Build.0 = Debug|Win32
		{1912832A-B07D-4AF6-A8F5-73D172DC3905}.Release|x64.ActiveCfg = Release|x64
		{1912832A-B07D-4AF6-A8F5-73D172DC3905}.Release|x64.Build.0 = Release|x64
		{1912832A-B07D-4AF6-A8F5-73D172DC3905}.Release|x86.ActiveCfg = Release|Win32
		{1912832A-B07D-4AF6-A8F5-73D172DC3905}.Release|x86.Build.0 = Release|Win32
		{C20BD832-0AC1-4D7C-B185-94690219E719}.Debug|x64.ActiveCfg = Debug|x64
		{C20BD832-0AC1-4D7C-B185-94690219E719}.Debug|x64.Build.0 = Debug|x64
		{C20BD832-0AC1-4D7C-B185-94690219E719}.Debug|x86.ActiveCfg = Debug|Win32
		{C20BD832-0AC1-4D7C-B185-94690219E719}.Debug|x86.Build.0 = Debug|Win32
		{C20BD832-0AC1-4D7C-B185-94690219E719}.Release|x64.ActiveCfg = Release|x64
		{C20BD832-0AC1-4D7C-B185-94690219E719}.Release|x64.Build.0 = Release|x64
		{C20BD832-0AC1-4D7C-B185-94690219E719}.Release|x86.ActiveCfg = Release|Win32
		{C20BD832-0AC1-4D7C-B185-94690219E719}.Release|x86.Build.0 = Release|Win32
	EndGlobalSection
	GlobalSection(SolutionProperties) = preSolution
		HideSolutionNode = FALSE
	EndGlobalSection
	GlobalSection(ExtensibilityGlobals) = postSolution
		SolutionGuid = {2B87BF2E-971B-4F72-8065-32527F1DC055}
	EndGlobalSection
EndGlobal
